// !$*UTF8*$!
{
	archiveVersion = 1;
	classes = {
	};
	objectVersion = 50;
	objects = {

/* Begin PBXBuildFile section */
		18D5E7766359AD041713AEBA /* Pods_TryCocoaPods16.framework in Frameworks */ = {isa = PBXBuildFile; fileRef = AF33555CE670BB7B0F3C9092 /* Pods_TryCocoaPods16.framework */; };
		8565BEB62143C709006464DA /* AppDelegate.swift in Sources */ = {isa = PBXBuildFile; fileRef = 8565BEB52143C709006464DA /* AppDelegate.swift */; };
		8565BEB82143C709006464DA /* ViewController.swift in Sources */ = {isa = PBXBuildFile; fileRef = 8565BEB72143C709006464DA /* ViewController.swift */; };
		8565BEBA2143C70A006464DA /* Assets.xcassets in Resources */ = {isa = PBXBuildFile; fileRef = 8565BEB92143C70A006464DA /* Assets.xcassets */; };
		8565BEBD2143C70A006464DA /* Main.storyboard in Resources */ = {isa = PBXBuildFile; fileRef = 8565BEBB2143C70A006464DA /* Main.storyboard */; };
		858A543D2143CF8900C44EC8 /* MyFramework.framework in Frameworks */ = {isa = PBXBuildFile; fileRef = 858A543A2143CF6E00C44EC8 /* MyFramework.framework */; };
/* End PBXBuildFile section */

/* Begin PBXContainerItemProxy section */
		858A54392143CF6E00C44EC8 /* PBXContainerItemProxy */ = {
			isa = PBXContainerItemProxy;
			containerPortal = 858A54352143CF6E00C44EC8 /* MyFramework.xcodeproj */;
			proxyType = 2;
			remoteGlobalIDString = 855AB54F2143CDB200E1EF4F;
			remoteInfo = MyFramework;
		};
		858A543B2143CF7C00C44EC8 /* PBXContainerItemProxy */ = {
			isa = PBXContainerItemProxy;
			containerPortal = 858A54352143CF6E00C44EC8 /* MyFramework.xcodeproj */;
			proxyType = 1;
			remoteGlobalIDString = 855AB54E2143CDB200E1EF4F;
			remoteInfo = MyFramework;
		};
/* End PBXContainerItemProxy section */

/* Begin PBXFileReference section */
		2E6D41C628891664F19F8134 /* Pods-TryCocoaPods16.release.xcconfig */ = {isa = PBXFileReference; includeInIndex = 1; lastKnownFileType = text.xcconfig; name = "Pods-TryCocoaPods16.release.xcconfig"; path = "Target Support Files/Pods-TryCocoaPods16/Pods-TryCocoaPods16.release.xcconfig"; sourceTree = "<group>"; };
		8565BEB22143C709006464DA /* TryCocoaPods16.app */ = {isa = PBXFileReference; explicitFileType = wrapper.application; includeInIndex = 0; path = TryCocoaPods16.app; sourceTree = BUILT_PRODUCTS_DIR; };
		8565BEB52143C709006464DA /* AppDelegate.swift */ = {isa = PBXFileReference; lastKnownFileType = sourcecode.swift; path = AppDelegate.swift; sourceTree = "<group>"; };
		8565BEB72143C709006464DA /* ViewController.swift */ = {isa = PBXFileReference; lastKnownFileType = sourcecode.swift; path = ViewController.swift; sourceTree = "<group>"; };
		8565BEB92143C70A006464DA /* Assets.xcassets */ = {isa = PBXFileReference; lastKnownFileType = folder.assetcatalog; path = Assets.xcassets; sourceTree = "<group>"; };
		8565BEBC2143C70A006464DA /* Base */ = {isa = PBXFileReference; lastKnownFileType = file.storyboard; name = Base; path = Base.lproj/Main.storyboard; sourceTree = "<group>"; };
		8565BEBE2143C70A006464DA /* Info.plist */ = {isa = PBXFileReference; lastKnownFileType = text.plist.xml; path = Info.plist; sourceTree = "<group>"; };
		8565BEBF2143C70A006464DA /* TryCocoaPods16.entitlements */ = {isa = PBXFileReference; lastKnownFileType = text.plist.entitlements; path = TryCocoaPods16.entitlements; sourceTree = "<group>"; };
		858A54352143CF6E00C44EC8 /* MyFramework.xcodeproj */ = {isa = PBXFileReference; lastKnownFileType = "wrapper.pb-project"; name = MyFramework.xcodeproj; path = MyFramework/MyFramework.xcodeproj; sourceTree = "<group>"; };
		AF33555CE670BB7B0F3C9092 /* Pods_TryCocoaPods16.framework */ = {isa = PBXFileReference; explicitFileType = wrapper.framework; includeInIndex = 0; path = Pods_TryCocoaPods16.framework; sourceTree = BUILT_PRODUCTS_DIR; };
		E047451F349CFA19A0B79CD0 /* Pods-TryCocoaPods16.debug.xcconfig */ = {isa = PBXFileReference; includeInIndex = 1; lastKnownFileType = text.xcconfig; name = "Pods-TryCocoaPods16.debug.xcconfig"; path = "Target Support Files/Pods-TryCocoaPods16/Pods-TryCocoaPods16.debug.xcconfig"; sourceTree = "<group>"; };
/* End PBXFileReference section */

/* Begin PBXFrameworksBuildPhase section */
		8565BEAF2143C709006464DA /* Frameworks */ = {
			isa = PBXFrameworksBuildPhase;
			buildActionMask = 2147483647;
			files = (
				858A543D2143CF8900C44EC8 /* MyFramework.framework in Frameworks */,
				18D5E7766359AD041713AEBA /* Pods_TryCocoaPods16.framework in Frameworks */,
			);
			runOnlyForDeploymentPostprocessing = 0;
		};
/* End PBXFrameworksBuildPhase section */

/* Begin PBXGroup section */
		8565BEA92143C709006464DA = {
			isa = PBXGroup;
			children = (
				858A54342143CF5300C44EC8 /* Nested Projects */,
				858A54332143CF2D00C44EC8 /* Nested Projects */,
				8565BEB42143C709006464DA /* TryCocoaPods16 */,
				8565BEB32143C709006464DA /* Products */,
				ED1DC7BBF0C1003403B2F3DA /* Pods */,
				B3F7628645FFB442EB3A057E /* Frameworks */,
			);
			sourceTree = "<group>";
		};
		8565BEB32143C709006464DA /* Products */ = {
			isa = PBXGroup;
			children = (
				8565BEB22143C709006464DA /* TryCocoaPods16.app */,
			);
			name = Products;
			sourceTree = "<group>";
		};
		8565BEB42143C709006464DA /* TryCocoaPods16 */ = {
			isa = PBXGroup;
			children = (
				8565BEB52143C709006464DA /* AppDelegate.swift */,
				8565BEB72143C709006464DA /* ViewController.swift */,
				8565BEB92143C70A006464DA /* Assets.xcassets */,
				8565BEBB2143C70A006464DA /* Main.storyboard */,
				8565BEBE2143C70A006464DA /* Info.plist */,
				8565BEBF2143C70A006464DA /* TryCocoaPods16.entitlements */,
			);
			path = TryCocoaPods16;
			sourceTree = "<group>";
		};
		858A54332143CF2D00C44EC8 /* Nested Projects */ = {
			isa = PBXGroup;
			children = (
			);
			name = "Nested Projects";
			sourceTree = "<group>";
		};
		858A54342143CF5300C44EC8 /* Nested Projects */ = {
			isa = PBXGroup;
			children = (
				858A54352143CF6E00C44EC8 /* MyFramework.xcodeproj */,
			);
			name = "Nested Projects";
			sourceTree = "<group>";
		};
		858A54362143CF6E00C44EC8 /* Products */ = {
			isa = PBXGroup;
			children = (
				858A543A2143CF6E00C44EC8 /* MyFramework.framework */,
			);
			name = Products;
			sourceTree = "<group>";
		};
		B3F7628645FFB442EB3A057E /* Frameworks */ = {
			isa = PBXGroup;
			children = (
				AF33555CE670BB7B0F3C9092 /* Pods_TryCocoaPods16.framework */,
			);
			name = Frameworks;
			sourceTree = "<group>";
		};
		ED1DC7BBF0C1003403B2F3DA /* Pods */ = {
			isa = PBXGroup;
			children = (
				E047451F349CFA19A0B79CD0 /* Pods-TryCocoaPods16.debug.xcconfig */,
				2E6D41C628891664F19F8134 /* Pods-TryCocoaPods16.release.xcconfig */,
			);
			path = Pods;
			sourceTree = "<group>";
		};
/* End PBXGroup section */

/* Begin PBXNativeTarget section */
		8565BEB12143C709006464DA /* TryCocoaPods16 */ = {
			isa = PBXNativeTarget;
			buildConfigurationList = 8565BEC22143C70B006464DA /* Build configuration list for PBXNativeTarget "TryCocoaPods16" */;
			buildPhases = (
				2B068EF3100E9EB72FB38872 /* [CP] Check Pods Manifest.lock */,
				8565BEAE2143C709006464DA /* Sources */,
				8565BEAF2143C709006464DA /* Frameworks */,
				8565BEB02143C709006464DA /* Resources */,
				FFBE65D9A28C7EE830C15318 /* [CP] Embed Pods Frameworks */,
			);
			buildRules = (
			);
			dependencies = (
				858A543C2143CF7C00C44EC8 /* PBXTargetDependency */,
			);
			name = TryCocoaPods16;
			productName = TryCocoaPods16;
			productReference = 8565BEB22143C709006464DA /* TryCocoaPods16.app */;
			productType = "com.apple.product-type.application";
		};
/* End PBXNativeTarget section */

/* Begin PBXProject section */
		8565BEAA2143C709006464DA /* Project object */ = {
			isa = PBXProject;
			attributes = {
				LastSwiftUpdateCheck = 0940;
				LastUpgradeCheck = 0940;
				ORGANIZATIONNAME = Foo;
				TargetAttributes = {
					8565BEB12143C709006464DA = {
						CreatedOnToolsVersion = 9.4.1;
					};
				};
			};
			buildConfigurationList = 8565BEAD2143C709006464DA /* Build configuration list for PBXProject "TryCocoaPods16" */;
			compatibilityVersion = "Xcode 9.3";
			developmentRegion = en;
			hasScannedForEncodings = 0;
			knownRegions = (
				en,
				Base,
			);
			mainGroup = 8565BEA92143C709006464DA;
			productRefGroup = 8565BEB32143C709006464DA /* Products */;
			projectDirPath = "";
			projectReferences = (
				{
					ProductGroup = 858A54362143CF6E00C44EC8 /* Products */;
					ProjectRef = 858A54352143CF6E00C44EC8 /* MyFramework.xcodeproj */;
				},
			);
			projectRoot = "";
			targets = (
				8565BEB12143C709006464DA /* TryCocoaPods16 */,
			);
		};
/* End PBXProject section */

/* Begin PBXReferenceProxy section */
		858A543A2143CF6E00C44EC8 /* MyFramework.framework */ = {
			isa = PBXReferenceProxy;
			fileType = wrapper.framework;
			path = MyFramework.framework;
			remoteRef = 858A54392143CF6E00C44EC8 /* PBXContainerItemProxy */;
			sourceTree = BUILT_PRODUCTS_DIR;
		};
/* End PBXReferenceProxy section */

/* Begin PBXResourcesBuildPhase section */
		8565BEB02143C709006464DA /* Resources */ = {
			isa = PBXResourcesBuildPhase;
			buildActionMask = 2147483647;
			files = (
				8565BEBA2143C70A006464DA /* Assets.xcassets in Resources */,
				8565BEBD2143C70A006464DA /* Main.storyboard in Resources */,
			);
			runOnlyForDeploymentPostprocessing = 0;
		};
/* End PBXResourcesBuildPhase section */

/* Begin PBXShellScriptBuildPhase section */
		2B068EF3100E9EB72FB38872 /* [CP] Check Pods Manifest.lock */ = {
			isa = PBXShellScriptBuildPhase;
			buildActionMask = 2147483647;
			files = (
			);
			inputPaths = (
				"${PODS_PODFILE_DIR_PATH}/Podfile.lock",
				"${PODS_ROOT}/Manifest.lock",
			);
			name = "[CP] Check Pods Manifest.lock";
			outputPaths = (
				"$(DERIVED_FILE_DIR)/Pods-TryCocoaPods16-checkManifestLockResult.txt",
			);
			runOnlyForDeploymentPostprocessing = 0;
			shellPath = /bin/sh;
			shellScript = "diff \"${PODS_PODFILE_DIR_PATH}/Podfile.lock\" \"${PODS_ROOT}/Manifest.lock\" > /dev/null\nif [ $? != 0 ] ; then\n    # print error to STDERR\n    echo \"error: The sandbox is not in sync with the Podfile.lock. Run 'pod install' or update your CocoaPods installation.\" >&2\n    exit 1\nfi\n# This output is used by Xcode 'outputs' to avoid re-running this script phase.\necho \"SUCCESS\" > \"${SCRIPT_OUTPUT_FILE_0}\"\n";
			showEnvVarsInLog = 0;
		};
		FFBE65D9A28C7EE830C15318 /* [CP] Embed Pods Frameworks */ = {
			isa = PBXShellScriptBuildPhase;
			buildActionMask = 2147483647;
			files = (
			);
			inputPaths = (
				"${PODS_ROOT}/Target Support Files/Pods-TryCocoaPods16/Pods-TryCocoaPods16-frameworks.sh",
				"${BUILT_PRODUCTS_DIR}/Alamofire/Alamofire.framework",
			);
			name = "[CP] Embed Pods Frameworks";
			outputPaths = (
				"${TARGET_BUILD_DIR}/${FRAMEWORKS_FOLDER_PATH}/Alamofire.framework",
			);
			runOnlyForDeploymentPostprocessing = 0;
			shellPath = /bin/sh;
			shellScript = "\"${PODS_ROOT}/Target Support Files/Pods-TryCocoaPods16/Pods-TryCocoaPods16-frameworks.sh\"\n";
			showEnvVarsInLog = 0;
		};
/* End PBXShellScriptBuildPhase section */

/* Begin PBXSourcesBuildPhase section */
		8565BEAE2143C709006464DA /* Sources */ = {
			isa = PBXSourcesBuildPhase;
			buildActionMask = 2147483647;
			files = (
				8565BEB82143C709006464DA /* ViewController.swift in Sources */,
				8565BEB62143C709006464DA /* AppDelegate.swift in Sources */,
			);
			runOnlyForDeploymentPostprocessing = 0;
		};
/* End PBXSourcesBuildPhase section */

/* Begin PBXTargetDependency section */
		858A543C2143CF7C00C44EC8 /* PBXTargetDependency */ = {
			isa = PBXTargetDependency;
			name = MyFramework;
			targetProxy = 858A543B2143CF7C00C44EC8 /* PBXContainerItemProxy */;
		};
/* End PBXTargetDependency section */

/* Begin PBXVariantGroup section */
		8565BEBB2143C70A006464DA /* Main.storyboard */ = {
			isa = PBXVariantGroup;
			children = (
				8565BEBC2143C70A006464DA /* Base */,
			);
			name = Main.storyboard;
			sourceTree = "<group>";
		};
/* End PBXVariantGroup section */

/* Begin XCBuildConfiguration section */
		8565BEC02143C70B006464DA /* Debug */ = {
			isa = XCBuildConfiguration;
			buildSettings = {
				ALWAYS_SEARCH_USER_PATHS = NO;
				CLANG_ANALYZER_NONNULL = YES;
				CLANG_ANALYZER_NUMBER_OBJECT_CONVERSION = YES_AGGRESSIVE;
				CLANG_CXX_LANGUAGE_STANDARD = "gnu++14";
				CLANG_CXX_LIBRARY = "libc++";
				CLANG_ENABLE_MODULES = YES;
				CLANG_ENABLE_OBJC_ARC = YES;
				CLANG_ENABLE_OBJC_WEAK = YES;
				CLANG_WARN_BLOCK_CAPTURE_AUTORELEASING = YES;
				CLANG_WARN_BOOL_CONVERSION = YES;
				CLANG_WARN_COMMA = YES;
				CLANG_WARN_CONSTANT_CONVERSION = YES;
				CLANG_WARN_DEPRECATED_OBJC_IMPLEMENTATIONS = YES;
				CLANG_WARN_DIRECT_OBJC_ISA_USAGE = YES_ERROR;
				CLANG_WARN_DOCUMENTATION_COMMENTS = YES;
				CLANG_WARN_EMPTY_BODY = YES;
				CLANG_WARN_ENUM_CONVERSION = YES;
				CLANG_WARN_INFINITE_RECURSION = YES;
				CLANG_WARN_INT_CONVERSION = YES;
				CLANG_WARN_NON_LITERAL_NULL_CONVERSION = YES;
				CLANG_WARN_OBJC_IMPLICIT_RETAIN_SELF = YES;
				CLANG_WARN_OBJC_LITERAL_CONVERSION = YES;
				CLANG_WARN_OBJC_ROOT_CLASS = YES_ERROR;
				CLANG_WARN_RANGE_LOOP_ANALYSIS = YES;
				CLANG_WARN_STRICT_PROTOTYPES = YES;
				CLANG_WARN_SUSPICIOUS_MOVE = YES;
				CLANG_WARN_UNGUARDED_AVAILABILITY = YES_AGGRESSIVE;
				CLANG_WARN_UNREACHABLE_CODE = YES;
				CLANG_WARN__DUPLICATE_METHOD_MATCH = YES;
				CODE_SIGN_IDENTITY = "-";
				COPY_PHASE_STRIP = NO;
				DEBUG_INFORMATION_FORMAT = dwarf;
				ENABLE_STRICT_OBJC_MSGSEND = YES;
				ENABLE_TESTABILITY = YES;
				GCC_C_LANGUAGE_STANDARD = gnu11;
				GCC_DYNAMIC_NO_PIC = NO;
				GCC_NO_COMMON_BLOCKS = YES;
				GCC_OPTIMIZATION_LEVEL = 0;
				GCC_PREPROCESSOR_DEFINITIONS = (
					"DEBUG=1",
					"$(inherited)",
				);
				GCC_WARN_64_TO_32_BIT_CONVERSION = YES;
				GCC_WARN_ABOUT_RETURN_TYPE = YES_ERROR;
				GCC_WARN_UNDECLARED_SELECTOR = YES;
				GCC_WARN_UNINITIALIZED_AUTOS = YES_AGGRESSIVE;
				GCC_WARN_UNUSED_FUNCTION = YES;
				GCC_WARN_UNUSED_VARIABLE = YES;
				MACOSX_DEPLOYMENT_TARGET = 10.13;
				MTL_ENABLE_DEBUG_INFO = YES;
				ONLY_ACTIVE_ARCH = YES;
				SDKROOT = macosx;
				SWIFT_ACTIVE_COMPILATION_CONDITIONS = DEBUG;
				SWIFT_OPTIMIZATION_LEVEL = "-Onone";
			};
			name = Debug;
		};
		8565BEC12143C70B006464DA /* Release */ = {
			isa = XCBuildConfiguration;
			buildSettings = {
				ALWAYS_SEARCH_USER_PATHS = NO;
				CLANG_ANALYZER_NONNULL = YES;
				CLANG_ANALYZER_NUMBER_OBJECT_CONVERSION = YES_AGGRESSIVE;
				CLANG_CXX_LANGUAGE_STANDARD = "gnu++14";
				CLANG_CXX_LIBRARY = "libc++";
				CLANG_ENABLE_MODULES = YES;
				CLANG_ENABLE_OBJC_ARC = YES;
				CLANG_ENABLE_OBJC_WEAK = YES;
				CLANG_WARN_BLOCK_CAPTURE_AUTORELEASING = YES;
				CLANG_WARN_BOOL_CONVERSION = YES;
				CLANG_WARN_COMMA = YES;
				CLANG_WARN_CONSTANT_CONVERSION = YES;
				CLANG_WARN_DEPRECATED_OBJC_IMPLEMENTATIONS = YES;
				CLANG_WARN_DIRECT_OBJC_ISA_USAGE = YES_ERROR;
				CLANG_WARN_DOCUMENTATION_COMMENTS = YES;
				CLANG_WARN_EMPTY_BODY = YES;
				CLANG_WARN_ENUM_CONVERSION = YES;
				CLANG_WARN_INFINITE_RECURSION = YES;
				CLANG_WARN_INT_CONVERSION = YES;
				CLANG_WARN_NON_LITERAL_NULL_CONVERSION = YES;
				CLANG_WARN_OBJC_IMPLICIT_RETAIN_SELF = YES;
				CLANG_WARN_OBJC_LITERAL_CONVERSION = YES;
				CLANG_WARN_OBJC_ROOT_CLASS = YES_ERROR;
				CLANG_WARN_RANGE_LOOP_ANALYSIS = YES;
				CLANG_WARN_STRICT_PROTOTYPES = YES;
				CLANG_WARN_SUSPICIOUS_MOVE = YES;
				CLANG_WARN_UNGUARDED_AVAILABILITY = YES_AGGRESSIVE;
				CLANG_WARN_UNREACHABLE_CODE = YES;
				CLANG_WARN__DUPLICATE_METHOD_MATCH = YES;
				CODE_SIGN_IDENTITY = "-";
				COPY_PHASE_STRIP = NO;
				DEBUG_INFORMATION_FORMAT = "dwarf-with-dsym";
				ENABLE_NS_ASSERTIONS = NO;
				ENABLE_STRICT_OBJC_MSGSEND = YES;
				GCC_C_LANGUAGE_STANDARD = gnu11;
				GCC_NO_COMMON_BLOCKS = YES;
				GCC_WARN_64_TO_32_BIT_CONVERSION = YES;
				GCC_WARN_ABOUT_RETURN_TYPE = YES_ERROR;
				GCC_WARN_UNDECLARED_SELECTOR = YES;
				GCC_WARN_UNINITIALIZED_AUTOS = YES_AGGRESSIVE;
				GCC_WARN_UNUSED_FUNCTION = YES;
				GCC_WARN_UNUSED_VARIABLE = YES;
				MACOSX_DEPLOYMENT_TARGET = 10.13;
				MTL_ENABLE_DEBUG_INFO = NO;
				SDKROOT = macosx;
				SWIFT_COMPILATION_MODE = wholemodule;
				SWIFT_OPTIMIZATION_LEVEL = "-O";
			};
			name = Release;
		};
		8565BEC32143C70B006464DA /* Debug */ = {
			isa = XCBuildConfiguration;
			baseConfigurationReference = E047451F349CFA19A0B79CD0 /* Pods-TryCocoaPods16.debug.xcconfig */;
			buildSettings = {
				ASSETCATALOG_COMPILER_APPICON_NAME = AppIcon;
				CODE_SIGN_ENTITLEMENTS = TryCocoaPods16/TryCocoaPods16.entitlements;
				CODE_SIGN_STYLE = Automatic;
				COMBINE_HIDPI_IMAGES = YES;
				INFOPLIST_FILE = TryCocoaPods16/Info.plist;
				LD_RUNPATH_SEARCH_PATHS = (
					"$(inherited)",
					"@executable_path/../Frameworks",
				);
				PRODUCT_BUNDLE_IDENTIFIER = com.foo.TryCocoaPods16;
				PRODUCT_NAME = "$(TARGET_NAME)";
				SWIFT_VERSION = 4.0;
			};
			name = Debug;
		};
		8565BEC42143C70B006464DA /* Release */ = {
			isa = XCBuildConfiguration;
			baseConfigurationReference = 2E6D41C628891664F19F8134 /* Pods-TryCocoaPods16.release.xcconfig */;
			buildSettings = {
				ASSETCATALOG_COMPILER_APPICON_NAME = AppIcon;
				CODE_SIGN_ENTITLEMENTS = TryCocoaPods16/TryCocoaPods16.entitlements;
				CODE_SIGN_STYLE = Automatic;
				COMBINE_HIDPI_IMAGES = YES;
				INFOPLIST_FILE = TryCocoaPods16/Info.plist;
				LD_RUNPATH_SEARCH_PATHS = (
					"$(inherited)",
					"@executable_path/../Frameworks",
				);
				PRODUCT_BUNDLE_IDENTIFIER = com.foo.TryCocoaPods16;
				PRODUCT_NAME = "$(TARGET_NAME)";
				SWIFT_VERSION = 4.0;
			};
			name = Release;
		};
		8592AF832143CFE100BAFEB0 /* ReleaseBeta */ = {
			isa = XCBuildConfiguration;
			buildSettings = {
				ALWAYS_SEARCH_USER_PATHS = NO;
				CLANG_ANALYZER_NONNULL = YES;
				CLANG_ANALYZER_NUMBER_OBJECT_CONVERSION = YES_AGGRESSIVE;
				CLANG_CXX_LANGUAGE_STANDARD = "gnu++14";
				CLANG_CXX_LIBRARY = "libc++";
				CLANG_ENABLE_MODULES = YES;
				CLANG_ENABLE_OBJC_ARC = YES;
				CLANG_ENABLE_OBJC_WEAK = YES;
				CLANG_WARN_BLOCK_CAPTURE_AUTORELEASING = YES;
				CLANG_WARN_BOOL_CONVERSION = YES;
				CLANG_WARN_COMMA = YES;
				CLANG_WARN_CONSTANT_CONVERSION = YES;
				CLANG_WARN_DEPRECATED_OBJC_IMPLEMENTATIONS = YES;
				CLANG_WARN_DIRECT_OBJC_ISA_USAGE = YES_ERROR;
				CLANG_WARN_DOCUMENTATION_COMMENTS = YES;
				CLANG_WARN_EMPTY_BODY = YES;
				CLANG_WARN_ENUM_CONVERSION = YES;
				CLANG_WARN_INFINITE_RECURSION = YES;
				CLANG_WARN_INT_CONVERSION = YES;
				CLANG_WARN_NON_LITERAL_NULL_CONVERSION = YES;
				CLANG_WARN_OBJC_IMPLICIT_RETAIN_SELF = YES;
				CLANG_WARN_OBJC_LITERAL_CONVERSION = YES;
				CLANG_WARN_OBJC_ROOT_CLASS = YES_ERROR;
				CLANG_WARN_RANGE_LOOP_ANALYSIS = YES;
				CLANG_WARN_STRICT_PROTOTYPES = YES;
				CLANG_WARN_SUSPICIOUS_MOVE = YES;
				CLANG_WARN_UNGUARDED_AVAILABILITY = YES_AGGRESSIVE;
				CLANG_WARN_UNREACHABLE_CODE = YES;
				CLANG_WARN__DUPLICATE_METHOD_MATCH = YES;
				CODE_SIGN_IDENTITY = "-";
				COPY_PHASE_STRIP = NO;
				DEBUG_INFORMATION_FORMAT = "dwarf-with-dsym";
				ENABLE_NS_ASSERTIONS = NO;
				ENABLE_STRICT_OBJC_MSGSEND = YES;
				GCC_C_LANGUAGE_STANDARD = gnu11;
				GCC_NO_COMMON_BLOCKS = YES;
				GCC_WARN_64_TO_32_BIT_CONVERSION = YES;
				GCC_WARN_ABOUT_RETURN_TYPE = YES_ERROR;
				GCC_WARN_UNDECLARED_SELECTOR = YES;
				GCC_WARN_UNINITIALIZED_AUTOS = YES_AGGRESSIVE;
				GCC_WARN_UNUSED_FUNCTION = YES;
				GCC_WARN_UNUSED_VARIABLE = YES;
				MACOSX_DEPLOYMENT_TARGET = 10.13;
				MTL_ENABLE_DEBUG_INFO = NO;
				SDKROOT = macosx;
				SWIFT_COMPILATION_MODE = wholemodule;
				SWIFT_OPTIMIZATION_LEVEL = "-O";
			};
			name = ReleaseBeta;
		};
		8592AF842143CFE100BAFEB0 /* ReleaseBeta */ = {
			isa = XCBuildConfiguration;
			baseConfigurationReference = 2E6D41C628891664F19F8134 /* Pods-TryCocoaPods16.release.xcconfig */;
			buildSettings = {
				ASSETCATALOG_COMPILER_APPICON_NAME = AppIcon;
				CODE_SIGN_ENTITLEMENTS = TryCocoaPods16/TryCocoaPods16.entitlements;
				CODE_SIGN_STYLE = Automatic;
				COMBINE_HIDPI_IMAGES = YES;
				INFOPLIST_FILE = TryCocoaPods16/Info.plist;
				LD_RUNPATH_SEARCH_PATHS = (
					"$(inherited)",
					"@executable_path/../Frameworks",
				);
				PRODUCT_BUNDLE_IDENTIFIER = com.foo.TryCocoaPods16;
				PRODUCT_NAME = "$(TARGET_NAME)";
				SWIFT_VERSION = 4.0;
			};
			name = ReleaseBeta;
		};
/* End XCBuildConfiguration section */

/* Begin XCConfigurationList section */
		8565BEAD2143C709006464DA /* Build configuration list for PBXProject "TryCocoaPods16" */ = {
			isa = XCConfigurationList;
			buildConfigurations = (
				8565BEC02143C70B006464DA /* Debug */,
				8565BEC12143C70B006464DA /* Release */,
				8592AF832143CFE100BAFEB0 /* ReleaseBeta */,
			);
			defaultConfigurationIsVisible = 0;
			defaultConfigurationName = Release;
		};
		8565BEC22143C70B006464DA /* Build configuration list for PBXNativeTarget "TryCocoaPods16" */ = {
			isa = XCConfigurationList;
			buildConfigurations = (
				8565BEC32143C70B006464DA /* Debug */,
				8565BEC42143C70B006464DA /* Release */,
				8592AF842143CFE100BAFEB0 /* ReleaseBeta */,
			);
			defaultConfigurationIsVisible = 0;
			defaultConfigurationName = Release;
		};
/* End XCConfigurationList section */
	};
	rootObject = 8565BEAA2143C709006464DA /* Project object */;
}
